schema: '2.0'
stages:
  split:
    cmd: python src/split.py
    deps:
    - path: data/raw/train
      md5: 0b3cdf7bb8b50f51fd527c8b9ae28609.dir
      size: 211467209
      nfiles: 35289
    - path: src/split.py
      md5: ece5417f17dc9043a2ea407d946dbbfa
      size: 1281
    outs:
    - path: data/raw/test
      md5: c9d91ae994ca0382c3e0ed4eff465c93.dir
      size: 24175777
      nfiles: 3920
  preprocess:
    cmd: python src/preprocess.py
    deps:
    - path: data/raw/
      md5: c66070c585a1ad5d4ac7eced7b370066.dir
      size: 235643097
      nfiles: 39211
    - path: src/preprocess.py
      md5: 5c4b224d5bdb75b2deeb8b243702cbc6
      size: 1693
    params:
      params.yaml:
        preprocess.denoise_weight: 0.2
    outs:
    - path: data/prepared
      md5: 7ee46719cab53aed6ad00f0ae651cb26.dir
      size: 139748007
      nfiles: 39209
  train:
    cmd: python src/train.py
    deps:
    - path: data/prepared
      md5: 7ee46719cab53aed6ad00f0ae651cb26.dir
      size: 139748007
      nfiles: 39209
    - path: src/train.py
      md5: 1987c84eaf9e80df3bdd77d384f99986
      size: 3436
    params:
      params.yaml:
        train:
          image_width: 30
          image_height: 30
          batch_size: 32
          learning_rate: 0.1
          n_epochs: 5
    outs:
    - path: metrics/metrics.csv
      md5: 4b28f3682d763934305d27ea4b78d63d
      size: 839
    - path: models
      md5: b73097c62ba595ca6f766f29bf2c25ca.dir
      size: 14126544
      nfiles: 1
  evaluate:
    cmd: python src/evaluate.py
    deps:
    - path: metrics/metrics.csv
      md5: 4b28f3682d763934305d27ea4b78d63d
      size: 839
    - path: src/evaluate.py
      md5: 093bfe6a2c93f0aa476e702395faf2f8
      size: 1743
    outs:
    - path: metrics/metrics.json
      md5: aa60e8a0b4e62f69ba6770a2968a1b6b
      size: 138
    - path: plots
      md5: c3bded73aeeccc8db12458036028f9c8.dir
      size: 102708
      nfiles: 4
